
Microsoft Visual Studio Solution File, Format Version 12.00
# Visual Studio 15
VisualStudioVersion = 15.0.27428.2027
MinimumVisualStudioVersion = 10.0.40219.1
Project("{9A19103F-16F7-4668-BE54-9A1E7A4F7556}") = "FindU", "FindU\FindU.csproj", "{7F10A140-6969-4687-8341-A5B31A691D47}"
EndProject
Project("{9A19103F-16F7-4668-BE54-9A1E7A4F7556}") = "Ufba.IdentityServer", "Ufba.IdentityServer\Ufba.IdentityServer.csproj", "{CC7216E5-E8AC-4B59-9118-2D0D8C26F47D}"
EndProject
Project("{9A19103F-16F7-4668-BE54-9A1E7A4F7556}") = "FindU.Infra.Data", "FindU.Infra.Data\FindU.Infra.Data.csproj", "{DB33F832-FFF4-4350-88E4-F4C8D34A0911}"
EndProject
Project("{2150E333-8FDC-42A3-9474-1A3956D46DE8}") = "0 - Presentation", "0 - Presentation", "{139D0002-8029-4E21-B247-96DD4ACE3551}"
EndProject
Project("{2150E333-8FDC-42A3-9474-1A3956D46DE8}") = "2 - Domain", "2 - Domain", "{4962C338-30A6-4EFD-9CD5-FDFFC49D11EE}"
EndProject
Project("{2150E333-8FDC-42A3-9474-1A3956D46DE8}") = "3 - Infra", "3 - Infra", "{8BE49300-F6EA-4A59-B6EB-D8DBAE341C5E}"
EndProject
Project("{9A19103F-16F7-4668-BE54-9A1E7A4F7556}") = "FindU.WebSite", "FindU.WebSite\FindU.WebSite.csproj", "{F4196F4F-7966-41F5-9942-8A440D3FD25B}"
EndProject
Project("{2150E333-8FDC-42A3-9474-1A3956D46DE8}") = "1 - Application", "1 - Application", "{50E885EB-6A31-488A-8502-7012947B7F67}"
EndProject
Project("{9A19103F-16F7-4668-BE54-9A1E7A4F7556}") = "FindU.Application", "FindU.Application\FindU.Application.csproj", "{DF983CF8-8F9C-48B8-ACED-66334F25C668}"
EndProject
Project("{9A19103F-16F7-4668-BE54-9A1E7A4F7556}") = "FindU.Application.Test", "FindU.Application.Test\FindU.Application.Test.csproj", "{A9360066-945F-49AC-A1AF-4FB00056BBE9}"
EndProject
Project("{FAE04EC0-301F-11D3-BF4B-00C04F79EFBC}") = "FindU.Infra.IoC", "FindU.Infra.IoC\FindU.Infra.IoC.csproj", "{DE711C6A-33F7-4E19-869F-7749FDB5F0B6}"
EndProject
Global
	GlobalSection(SolutionConfigurationPlatforms) = preSolution
		Debug|Any CPU = Debug|Any CPU
		Release|Any CPU = Release|Any CPU
	EndGlobalSection
	GlobalSection(ProjectConfigurationPlatforms) = postSolution
		{7F10A140-6969-4687-8341-A5B31A691D47}.Debug|Any CPU.ActiveCfg = Debug|Any CPU
		{7F10A140-6969-4687-8341-A5B31A691D47}.Debug|Any CPU.Build.0 = Debug|Any CPU
		{7F10A140-6969-4687-8341-A5B31A691D47}.Release|Any CPU.ActiveCfg = Release|Any CPU
		{7F10A140-6969-4687-8341-A5B31A691D47}.Release|Any CPU.Build.0 = Release|Any CPU
		{CC7216E5-E8AC-4B59-9118-2D0D8C26F47D}.Debug|Any CPU.ActiveCfg = Debug|Any CPU
		{CC7216E5-E8AC-4B59-9118-2D0D8C26F47D}.Debug|Any CPU.Build.0 = Debug|Any CPU
		{CC7216E5-E8AC-4B59-9118-2D0D8C26F47D}.Release|Any CPU.ActiveCfg = Release|Any CPU
		{CC7216E5-E8AC-4B59-9118-2D0D8C26F47D}.Release|Any CPU.Build.0 = Release|Any CPU
		{DB33F832-FFF4-4350-88E4-F4C8D34A0911}.Debug|Any CPU.ActiveCfg = Debug|Any CPU
		{DB33F832-FFF4-4350-88E4-F4C8D34A0911}.Debug|Any CPU.Build.0 = Debug|Any CPU
		{DB33F832-FFF4-4350-88E4-F4C8D34A0911}.Release|Any CPU.ActiveCfg = Release|Any CPU
		{DB33F832-FFF4-4350-88E4-F4C8D34A0911}.Release|Any CPU.Build.0 = Release|Any CPU
		{F4196F4F-7966-41F5-9942-8A440D3FD25B}.Debug|Any CPU.ActiveCfg = Debug|Any CPU
		{F4196F4F-7966-41F5-9942-8A440D3FD25B}.Debug|Any CPU.Build.0 = Debug|Any CPU
		{F4196F4F-7966-41F5-9942-8A440D3FD25B}.Release|Any CPU.ActiveCfg = Release|Any CPU
		{F4196F4F-7966-41F5-9942-8A440D3FD25B}.Release|Any CPU.Build.0 = Release|Any CPU
		{DF983CF8-8F9C-48B8-ACED-66334F25C668}.Debug|Any CPU.ActiveCfg = Debug|Any CPU
		{DF983CF8-8F9C-48B8-ACED-66334F25C668}.Debug|Any CPU.Build.0 = Debug|Any CPU
		{DF983CF8-8F9C-48B8-ACED-66334F25C668}.Release|Any CPU.ActiveCfg = Release|Any CPU
		{DF983CF8-8F9C-48B8-ACED-66334F25C668}.Release|Any CPU.Build.0 = Release|Any CPU
		{A9360066-945F-49AC-A1AF-4FB00056BBE9}.Debug|Any CPU.ActiveCfg = Debug|Any CPU
		{A9360066-945F-49AC-A1AF-4FB00056BBE9}.Debug|Any CPU.Build.0 = Debug|Any CPU
		{A9360066-945F-49AC-A1AF-4FB00056BBE9}.Release|Any CPU.ActiveCfg = Release|Any CPU
		{A9360066-945F-49AC-A1AF-4FB00056BBE9}.Release|Any CPU.Build.0 = Release|Any CPU
		{DE711C6A-33F7-4E19-869F-7749FDB5F0B6}.Debug|Any CPU.ActiveCfg = Debug|Any CPU
		{DE711C6A-33F7-4E19-869F-7749FDB5F0B6}.Debug|Any CPU.Build.0 = Debug|Any CPU
		{DE711C6A-33F7-4E19-869F-7749FDB5F0B6}.Release|Any CPU.ActiveCfg = Release|Any CPU
		{DE711C6A-33F7-4E19-869F-7749FDB5F0B6}.Release|Any CPU.Build.0 = Release|Any CPU
	EndGlobalSection
	GlobalSection(SolutionProperties) = preSolution
		HideSolutionNode = FALSE
	EndGlobalSection
	GlobalSection(NestedProjects) = preSolution
		{7F10A140-6969-4687-8341-A5B31A691D47} = {4962C338-30A6-4EFD-9CD5-FDFFC49D11EE}
		{CC7216E5-E8AC-4B59-9118-2D0D8C26F47D} = {8BE49300-F6EA-4A59-B6EB-D8DBAE341C5E}
		{DB33F832-FFF4-4350-88E4-F4C8D34A0911} = {8BE49300-F6EA-4A59-B6EB-D8DBAE341C5E}
		{F4196F4F-7966-41F5-9942-8A440D3FD25B} = {139D0002-8029-4E21-B247-96DD4ACE3551}
		{DF983CF8-8F9C-48B8-ACED-66334F25C668} = {50E885EB-6A31-488A-8502-7012947B7F67}
		{A9360066-945F-49AC-A1AF-4FB00056BBE9} = {50E885EB-6A31-488A-8502-7012947B7F67}
		{DE711C6A-33F7-4E19-869F-7749FDB5F0B6} = {8BE49300-F6EA-4A59-B6EB-D8DBAE341C5E}
	EndGlobalSection
	GlobalSection(ExtensibilityGlobals) = postSolution
		SolutionGuid = {51176475-3E3A-4C11-B375-AA55E5CC3DFC}
	EndGlobalSection
EndGlobal
